
Microsoft Visual Studio Solution File, Format Version 12.00
# Visual Studio Version 17
VisualStudioVersion = 17.3.32819.101
MinimumVisualStudioVersion = 10.0.40219.1
Project("{FAE04EC0-301F-11D3-BF4B-00C04F79EFBC}") = "logs_performance", "logs_performance\logs_performance.csproj", "{819A8205-0B5C-4B24-8CB6-1042B24D55CF}"
EndProject
Global
	GlobalSection(SolutionConfigurationPlatforms) = preSolution
		Debug|Any CPU = Debug|Any CPU
		Release|Any CPU = Release|Any CPU
	EndGlobalSection
	GlobalSection(ProjectConfigurationPlatforms) = postSolution
		{819A8205-0B5C-4B24-8CB6-1042B24D55CF}.Debug|Any CPU.ActiveCfg = Debug|Any CPU
		{819A8205-0B5C-4B24-8CB6-1042B24D55CF}.Debug|Any CPU.Build.0 = Debug|Any CPU
		{819A8205-0B5C-4B24-8CB6-1042B24D55CF}.Release|Any CPU.ActiveCfg = Release|Any CPU
		{819A8205-0B5C-4B24-8CB6-1042B24D55CF}.Release|Any CPU.Build.0 = Release|Any CPU
	EndGlobalSection
	GlobalSection(SolutionProperties) = preSolution
		HideSolutionNode = FALSE
	EndGlobalSection
	GlobalSection(ExtensibilityGlobals) = postSolution
		SolutionGuid = {3A00483D-4F71-466C-8811-2F4DFB543D89}
	EndGlobalSection
EndGlobal
